# THIS IS AN AUTOGENERATED FILE. DO NOT EDIT THIS FILE DIRECTLY.
# yarn lockfile v1


"@napi-rs/triples@^1.0.3":
  version "1.0.3"
  resolved "https://registry.yarnpkg.com/@napi-rs/triples/-/triples-1.0.3.tgz#76d6d0c3f4d16013c61e45dfca5ff1e6c31ae53c"
  integrity sha512-jDJTpta+P4p1NZTFVLHJ/TLFVYVcOqv6l8xwOeBKNPMgY/zDYH/YH7SJbvrr/h1RcS9GzbPcLKGzpuK9cV56UA==

"@node-rs/helper@^1.0.0":
  version "1.2.1"
  resolved "https://registry.yarnpkg.com/@node-rs/helper/-/helper-1.2.1.tgz#e079b05f21ff4329d82c4e1f71c0290e4ecdc70c"
  integrity sha512-R5wEmm8nbuQU0YGGmYVjEc0OHtYsuXdpRG+Ut/3wZ9XAvQWyThN08bTh2cBJgoZxHQUPtvRfeQuxcAgLuiBISg==
  dependencies:
    "@napi-rs/triples" "^1.0.3"

"@nodelib/fs.scandir@2.1.5":
  version "2.1.5"
  resolved "https://registry.yarnpkg.com/@nodelib/fs.scandir/-/fs.scandir-2.1.5.tgz#7619c2eb21b25483f6d167548b4cfd5a7488c3d5"
  integrity sha512-vq24Bq3ym5HEQm2NKCr3yXDwjc7vTsEThRDnkp2DK9p1uqLR+DHurm/NOTo0KG7HYHU7eppKZj3MyqYuMBf62g==
  dependencies:
    "@nodelib/fs.stat" "2.0.5"
    run-parallel "^1.1.9"

"@nodelib/fs.stat@2.0.5", "@nodelib/fs.stat@^2.0.2":
  version "2.0.5"
  resolved "https://registry.yarnpkg.com/@nodelib/fs.stat/-/fs.stat-2.0.5.tgz#5bd262af94e9d25bd1e71b05deed44876a222e8b"
  integrity sha512-RkhPPp2zrqDAQA/2jNhnztcPAlv64XdhIp7a7454A5ovI7Bukxgt7MX7udwAu3zg1DcpPU0rz3VV1SeaqvY4+A==

"@nodelib/fs.walk@^1.2.3":
  version "1.2.8"
  resolved "https://registry.yarnpkg.com/@nodelib/fs.walk/-/fs.walk-1.2.8.tgz#e95737e8bb6746ddedf69c556953494f196fe69a"
  integrity sha512-oGB+UxlgWcgQkgwo8GcEGwemoTFt3FIO9ababBmaGwXIoBKZ+GTy0pP185beGg7Llih/NSHSV2XAs1lnznocSg==
  dependencies:
    "@nodelib/fs.scandir" "2.1.5"
    fastq "^1.6.0"

"@swc/cli@^0.1.26":
  version "0.1.46"
  resolved "https://registry.yarnpkg.com/@swc/cli/-/cli-0.1.46.tgz#b6de4f39bd451ef6397c60a682ff6e3e7112bedc"
  integrity sha512-xRpsVEQoBP3bC3Pfk7CpPAjzfcIMd93KxL6uPd8uLQ93roC+sAqoZnXWsihxn8KFLlFC+7rfcbcoB0XFxag9qg==
  dependencies:
    commander "^7.1.0"
    fast-glob "^3.2.5"
    slash "3.0.0"
    source-map "^0.7.3"

"@swc/core-android-arm64@^1.2.77":
  version "1.2.77"
  resolved "https://registry.yarnpkg.com/@swc/core-android-arm64/-/core-android-arm64-1.2.77.tgz#a38b47dad4e3274ba845968399fde054356e159c"
  integrity sha512-OPZ3qYCr95CteC0Fv84eQjw5V1rfhp0rzq0MnlcjvWBzZx9OR5sXrJlfNaaQm17zvXb/isbgqvdtUj8v7v4YOQ==

"@swc/core-darwin-arm64@^1.2.77":
  version "1.2.77"
  resolved "https://registry.yarnpkg.com/@swc/core-darwin-arm64/-/core-darwin-arm64-1.2.77.tgz#c7a6c87d071e4e0a0f023d3edcd0ffee4f2dc943"
  integrity sha512-a4UKMwxdlbzrXZUaZyNf+FSxAXfMtgA6UgMEM7mv9iMkYcqe38dBuU7UkOQqKoG5F0PSduUHtL0UztqtPqZ2mw==

"@swc/core-darwin-x64@^1.2.77":
  version "1.2.77"
  resolved "https://registry.yarnpkg.com/@swc/core-darwin-x64/-/core-darwin-x64-1.2.77.tgz#be7e71915077b53fd3fb74b60b5d9afbcc26c800"
  integrity sha512-BS+xOM45Aspp9MKSR+qIeplj5KJOaAYp7VgCRMia6ZWbe0dUbFi31t+Ui6vBH/elv1c+7aKFf6FzcM5alVQ8UA==

"@swc/core-freebsd-x64@^1.2.77":
  version "1.2.77"
  resolved "https://registry.yarnpkg.com/@swc/core-freebsd-x64/-/core-freebsd-x64-1.2.77.tgz#f4041a267c8472ce6a1da7bcd4fad007756ef249"
  integrity sha512-X4J3GAL0ByncWfreVe6cpN/0TsFXGz0YomQJeK2jCdcPl6PhiUQj82d5JOuBxe7xbRh8HcQ7YHqF/ymb33RBdw==

"@swc/core-linux-arm-gnueabihf@^1.2.77":
  version "1.2.77"
  resolved "https://registry.yarnpkg.com/@swc/core-linux-arm-gnueabihf/-/core-linux-arm-gnueabihf-1.2.77.tgz#3ed010ba111cd16fe4d3d5775ad51fc1fc18c1fd"
  integrity sha512-3spvD1ssWgXKoUkc9fPoM8S5zJHGf+i8Tk9l8BZey/WqB+jEa3gUNpp+5Cyaoi2/Cang+6c4A4tZzCKE25SnyA==

"@swc/core-linux-arm64-gnu@^1.2.77":
  version "1.2.77"
  resolved "https://registry.yarnpkg.com/@swc/core-linux-arm64-gnu/-/core-linux-arm64-gnu-1.2.77.tgz#2003fa7b425dd3a5cf1c0eb04ac0e5403b587471"
  integrity sha512-lMbl6g6ssPelco7rEAWLnGuX8vLm33LLyIisxoL+RBcixjJFluMIhL0XErJik22xkPbkuJ2TTm++Ji1pO7NmLw==

"@swc/core-linux-arm64-musl@^1.2.77":
  version "1.2.77"
  resolved "https://registry.yarnpkg.com/@swc/core-linux-arm64-musl/-/core-linux-arm64-musl-1.2.77.tgz#8fa1231ad189f46f82a0ec7bffcbcb88ae36268d"
  integrity sha512-XMN5gxIpM6dpmjfTVew7TuxiePJT0Lo1MWjeBf3tpRYqLOEoawKJk/q/48cW53l8wX7DHuLxJVbrxcYWsVuKuw==

"@swc/core-linux-x64-gnu@^1.2.77":
  version "1.2.77"
  resolved "https://registry.yarnpkg.com/@swc/core-linux-x64-gnu/-/core-linux-x64-gnu-1.2.77.tgz#3fd021e4ca3e6c763006fed63e5eb9b1871e05b6"
  integrity sha512-w36+wse0MXPVY1XAA1zplw6c4oh0xopVQjJjSUKH/m3ii98WLGM1XEb5/FMVRlun/WQEGNJkBkjOytlNVKKTyQ==

"@swc/core-linux-x64-musl@^1.2.77":
  version "1.2.77"
  resolved "https://registry.yarnpkg.com/@swc/core-linux-x64-musl/-/core-linux-x64-musl-1.2.77.tgz#8f47e71f7888b723b0303caf4ff5042600361898"
  integrity sha512-C88iQD2bZVYKYygwGKj32qSk6CwB0HW5BsF0Ld1Wyfnn+XK1Nnv4tjNoMJZ6zketjzd0sl0bYLwmB80wK+lOIA==

"@swc/core-win32-arm64-msvc@^1.2.77":
  version "1.2.77"
  resolved "https://registry.yarnpkg.com/@swc/core-win32-arm64-msvc/-/core-win32-arm64-msvc-1.2.77.tgz#be9d9de0656f619115cacc49213e5070d1a66277"
  integrity sha512-K4ih+McHDIkaKqB3SDZ1KGojUyfJKU0K4RAZ0N+sEzxE38uR73iRNOoc818DJmRVIE9dWd5m0Rc9JPA38ahCEA==

"@swc/core-win32-ia32-msvc@^1.2.77":
  version "1.2.77"
  resolved "https://registry.yarnpkg.com/@swc/core-win32-ia32-msvc/-/core-win32-ia32-msvc-1.2.77.tgz#305e8bfb72e765d06e8b4dece5387b5b8b3326ca"
  integrity sha512-sEXgCqOtWa7nVtVwb5n7y99lEM8mvegt/QSXgjeSIv4l4RY1DXJTtWskP+AzE0e8MOh72LWnXeW+VOit7T94NA==

"@swc/core-win32-x64-msvc@^1.2.77":
  version "1.2.77"
  resolved "https://registry.yarnpkg.com/@swc/core-win32-x64-msvc/-/core-win32-x64-msvc-1.2.77.tgz#b5195e2e153a34e659d12d705f00d006c7acee3c"
  integrity sha512-0qs1pJeM5AZkzuXKw9p7oVK7jfskLNzPP2xwEEiUp4f+cZGDSUgZ+0sDO36bkpSJDu9yFa+2R9NcGHlc7c6BZg==

"@swc/core@^1.2.12":
  version "1.2.77"
  resolved "https://registry.yarnpkg.com/@swc/core/-/core-1.2.77.tgz#f55b1115c444768c0bf0df6b191aa3123f41a452"
  integrity sha512-el2dvjMsCJofxigNq4FhPCqjguWdhvbgQ/WzUrVhHcm2+Nyf2bLiEuK9Nkv1duoDeMpVFWDnRicyVXIO0jUqng==
  dependencies:
    "@node-rs/helper" "^1.0.0"
  optionalDependencies:
    "@swc/core-android-arm64" "^1.2.77"
    "@swc/core-darwin-arm64" "^1.2.77"
    "@swc/core-darwin-x64" "^1.2.77"
    "@swc/core-freebsd-x64" "^1.2.77"
    "@swc/core-linux-arm-gnueabihf" "^1.2.77"
    "@swc/core-linux-arm64-gnu" "^1.2.77"
    "@swc/core-linux-arm64-musl" "^1.2.77"
    "@swc/core-linux-x64-gnu" "^1.2.77"
    "@swc/core-linux-x64-musl" "^1.2.77"
    "@swc/core-win32-arm64-msvc" "^1.2.77"
    "@swc/core-win32-ia32-msvc" "^1.2.77"
    "@swc/core-win32-x64-msvc" "^1.2.77"

"@types/prop-types@*":
  version "15.7.4"
  resolved "https://registry.yarnpkg.com/@types/prop-types/-/prop-types-15.7.4.tgz#fcf7205c25dff795ee79af1e30da2c9790808f11"
  integrity sha512-rZ5drC/jWjrArrS8BR6SIr4cWpW09RNTYt9AMZo3Jwwif+iacXAqgVjm0B0Bv/S1jhDXKHqRVNCbACkJ89RAnQ==

"@types/react@^17.0.18":
  version "17.0.18"
  resolved "https://registry.yarnpkg.com/@types/react/-/react-17.0.18.tgz#4109cbbd901be9582e5e39e3d77acd7b66bb7fbe"
  integrity sha512-YTLgu7oS5zvSqq49X5Iue5oAbVGhgPc5Au29SJC4VeE17V6gASoOxVkUDy9pXFMRFxCWCD9fLeweNFizo3UzOg==
  dependencies:
    "@types/prop-types" "*"
    "@types/scheduler" "*"
    csstype "^3.0.2"

"@types/scheduler@*":
  version "0.16.2"
  resolved "https://registry.yarnpkg.com/@types/scheduler/-/scheduler-0.16.2.tgz#1a62f89525723dde24ba1b01b092bf5df8ad4d39"
  integrity sha512-hppQEBDmlwhFAXKJX2KnWLYu5yMfi91yazPb2l+lbJiwW+wdo1gNeRA+3RgNSO39WYX2euey41KEwnqesU2Jew==

braces@^3.0.1:
  version "3.0.2"
  resolved "https://registry.yarnpkg.com/braces/-/braces-3.0.2.tgz#3454e1a462ee8d599e236df336cd9ea4f8afe107"
  integrity sha512-b8um+L1RzM3WDSzvhm6gIz1yfTbBt6YTlcEKAvsmqCZZFw46z626lVj9j1yEPW33H5H+lBQpZMP1k8l+78Ha0A==
  dependencies:
    fill-range "^7.0.1"

commander@^7.1.0:
  version "7.2.0"
  resolved "https://registry.yarnpkg.com/commander/-/commander-7.2.0.tgz#a36cb57d0b501ce108e4d20559a150a391d97ab7"
  integrity sha512-QrWXB+ZQSVPmIWIhtEO9H+gwHaMGYiF5ChvoJ+K9ZGHG/sVsa6yiesAD1GC/x46sET00Xlwo1u49RVVVzvcSkw==

csstype@^3.0.2:
  version "3.0.8"
  resolved "https://registry.yarnpkg.com/csstype/-/csstype-3.0.8.tgz#d2266a792729fb227cd216fb572f43728e1ad340"
  integrity sha512-jXKhWqXPmlUeoQnF/EhTtTl4C9SnrxSH/jZUih3jmO6lBKr99rP3/+FmrMj4EFpOXzMtXHAZkd3x0E6h6Fgflw==

fast-glob@^3.2.5:
  version "3.2.7"
  resolved "https://registry.yarnpkg.com/fast-glob/-/fast-glob-3.2.7.tgz#fd6cb7a2d7e9aa7a7846111e85a196d6b2f766a1"
  integrity sha512-rYGMRwip6lUMvYD3BTScMwT1HtAs2d71SMv66Vrxs0IekGZEjhM0pcMfjQPnknBt2zeCwQMEupiN02ZP4DiT1Q==
  dependencies:
    "@nodelib/fs.stat" "^2.0.2"
    "@nodelib/fs.walk" "^1.2.3"
    glob-parent "^5.1.2"
    merge2 "^1.3.0"
    micromatch "^4.0.4"

fastq@^1.6.0:
  version "1.11.1"
  resolved "https://registry.yarnpkg.com/fastq/-/fastq-1.11.1.tgz#5d8175aae17db61947f8b162cfc7f63264d22807"
  integrity sha512-HOnr8Mc60eNYl1gzwp6r5RoUyAn5/glBolUzP/Ez6IFVPMPirxn/9phgL6zhOtaTy7ISwPvQ+wT+hfcRZh/bzw==
  dependencies:
    reusify "^1.0.4"

fill-range@^7.0.1:
  version "7.0.1"
  resolved "https://registry.yarnpkg.com/fill-range/-/fill-range-7.0.1.tgz#1919a6a7c75fe38b2c7c77e5198535da9acdda40"
  integrity sha512-qOo9F+dMUmC2Lcb4BbVvnKJxTPjCm+RRpe4gDuGrzkL7mEVl/djYSu2OdQ2Pa302N4oqkSg9ir6jaLWJ2USVpQ==
  dependencies:
    to-regex-range "^5.0.1"

glob-parent@^5.1.2:
  version "5.1.2"
  resolved "https://registry.yarnpkg.com/glob-parent/-/glob-parent-5.1.2.tgz#869832c58034fe68a4093c17dc15e8340d8401c4"
  integrity sha512-AOIgSQCepiJYwP3ARnGx+5VnTu2HBYdzbGP45eLw1vr3zB3vZLeyed1sC9hnbcOc9/SrMyM5RPQrkGz4aS9Zow==
  dependencies:
    is-glob "^4.0.1"

is-extglob@^2.1.1:
  version "2.1.1"
  resolved "https://registry.yarnpkg.com/is-extglob/-/is-extglob-2.1.1.tgz#a88c02535791f02ed37c76a1b9ea9773c833f8c2"
  integrity sha1-qIwCU1eR8C7TfHahueqXc8gz+MI=

is-glob@^4.0.1:
  version "4.0.1"
  resolved "https://registry.yarnpkg.com/is-glob/-/is-glob-4.0.1.tgz#7567dbe9f2f5e2467bc77ab83c4a29482407a5dc"
  integrity sha512-5G0tKtBTFImOqDnLB2hG6Bp2qcKEFduo4tZu9MT/H6NQv/ghhy30o55ufafxJ/LdH79LLs2Kfrn85TLKyA7BUg==
  dependencies:
    is-extglob "^2.1.1"

is-number@^7.0.0:
  version "7.0.0"
  resolved "https://registry.yarnpkg.com/is-number/-/is-number-7.0.0.tgz#7535345b896734d5f80c4d06c50955527a14f12b"
  integrity sha512-41Cifkg6e8TylSpdtTpeLVMqvSBEVzTttHvERD741+pnZ8ANv0004MRL43QKPDlK9cGvNp6NZWZUBlbGXYxxng==

"js-tokens@^3.0.0 || ^4.0.0":
  version "4.0.0"
  resolved "https://registry.yarnpkg.com/js-tokens/-/js-tokens-4.0.0.tgz#19203fb59991df98e3a287050d4647cdeaf32499"
  integrity sha512-RdJUflcE3cUzKiMqQgsCu06FPu9UdIJO0beYbPhHN4k6apgJtifcoCtT9bcxOpYBtpD2kCM6Sbzg4CausW/PKQ==

loose-envify@^1.1.0:
  version "1.4.0"
  resolved "https://registry.yarnpkg.com/loose-envify/-/loose-envify-1.4.0.tgz#71ee51fa7be4caec1a63839f7e682d8132d30caf"
  integrity sha512-lyuxPGr/Wfhrlem2CL/UcnUc1zcqKAImBDzukY7Y5F/yQiNdko6+fRLevlw1HgMySw7f611UIY408EtxRSoK3Q==
  dependencies:
    js-tokens "^3.0.0 || ^4.0.0"

merge2@^1.3.0:
  version "1.4.1"
  resolved "https://registry.yarnpkg.com/merge2/-/merge2-1.4.1.tgz#4368892f885e907455a6fd7dc55c0c9d404990ae"
  integrity sha512-8q7VEgMJW4J8tcfVPy8g09NcQwZdbwFEqhe/WZkoIzjn/3TGDwtOCYtXGxA3O8tPzpczCCDgv+P2P5y00ZJOOg==

micromatch@^4.0.4:
  version "4.0.4"
  resolved "https://registry.yarnpkg.com/micromatch/-/micromatch-4.0.4.tgz#896d519dfe9db25fce94ceb7a500919bf881ebf9"
  integrity sha512-pRmzw/XUcwXGpD9aI9q/0XOwLNygjETJ8y0ao0wdqprrzDa4YnxLcz7fQRZr8voh8V10kGhABbNcHVk5wHgWwg==
  dependencies:
    braces "^3.0.1"
    picomatch "^2.2.3"

object-assign@^4.1.1:
  version "4.1.1"
  resolved "https://registry.yarnpkg.com/object-assign/-/object-assign-4.1.1.tgz#2109adc7965887cfc05cbbd442cac8bfbb360863"
  integrity sha1-IQmtx5ZYh8/AXLvUQsrIv7s2CGM=

picomatch@^2.2.3:
  version "2.3.0"
  resolved "https://registry.yarnpkg.com/picomatch/-/picomatch-2.3.0.tgz#f1f061de8f6a4bf022892e2d128234fb98302972"
  integrity sha512-lY1Q/PiJGC2zOv/z391WOTD+Z02bCgsFfvxoXXf6h7kv9o+WmsmzYqrAwY63sNgOxE4xEdq0WyUnXfKeBrSvYw==

queue-microtask@^1.2.2:
  version "1.2.3"
  resolved "https://registry.yarnpkg.com/queue-microtask/-/queue-microtask-1.2.3.tgz#4929228bbc724dfac43e0efb058caf7b6cfb6243"
  integrity sha512-NuaNSa6flKT5JaSYQzJok04JzTL1CA6aGhv5rfLW3PgqA+M2ChpZQnAC8h8i4ZFkBS8X5RqkDBHA7r4hej3K9A==

react-dom@^17.0.2:
  version "17.0.2"
  resolved "https://registry.yarnpkg.com/react-dom/-/react-dom-17.0.2.tgz#ecffb6845e3ad8dbfcdc498f0d0a939736502c23"
  integrity sha512-s4h96KtLDUQlsENhMn1ar8t2bEa+q/YAtj8pPPdIjPDGBDIVNsrD9aXNWqspUe6AzKCIG0C1HZZLqLV7qpOBGA==
  dependencies:
    loose-envify "^1.1.0"
    object-assign "^4.1.1"
    scheduler "^0.20.2"

react@^17.0.2:
  version "17.0.2"
  resolved "https://registry.yarnpkg.com/react/-/react-17.0.2.tgz#d0b5cc516d29eb3eee383f75b62864cfb6800037"
  integrity sha512-gnhPt75i/dq/z3/6q/0asP78D0u592D5L1pd7M8P+dck6Fu/jJeL6iVVK23fptSUZj8Vjf++7wXA8UNclGQcbA==
  dependencies:
    loose-envify "^1.1.0"
    object-assign "^4.1.1"

reusify@^1.0.4:
  version "1.0.4"
  resolved "https://registry.yarnpkg.com/reusify/-/reusify-1.0.4.tgz#90da382b1e126efc02146e90845a88db12925d76"
  integrity sha512-U9nH88a3fc/ekCF1l0/UP1IosiuIjyTh7hBvXVMHYgVcfGvt897Xguj2UOLDeI5BG2m7/uwyaLVT6fbtCwTyzw==

run-parallel@^1.1.9:
  version "1.2.0"
  resolved "https://registry.yarnpkg.com/run-parallel/-/run-parallel-1.2.0.tgz#66d1368da7bdf921eb9d95bd1a9229e7f21a43ee"
  integrity sha512-5l4VyZR86LZ/lDxZTR6jqL8AFE2S0IFLMP26AbjsLVADxHdhB/c0GUsH+y39UfCi3dzz8OlQuPmnaJOMoDHQBA==
  dependencies:
    queue-microtask "^1.2.2"

scheduler@^0.20.2:
  version "0.20.2"
  resolved "https://registry.yarnpkg.com/scheduler/-/scheduler-0.20.2.tgz#4baee39436e34aa93b4874bddcbf0fe8b8b50e91"
  integrity sha512-2eWfGgAqqWFGqtdMmcL5zCMK1U8KlXv8SQFGglL3CEtd0aDVDWgeF/YoCmvln55m5zSk3J/20hTaSBeSObsQDQ==
  dependencies:
    loose-envify "^1.1.0"
    object-assign "^4.1.1"

slash@3.0.0:
  version "3.0.0"
  resolved "https://registry.yarnpkg.com/slash/-/slash-3.0.0.tgz#6539be870c165adbd5240220dbe361f1bc4d4634"
  integrity sha512-g9Q1haeby36OSStwb4ntCGGGaKsaVSjQ68fBxoQcutl5fS1vuY18H3wSt3jFyFtrkx+Kz0V1G85A4MyAdDMi2Q==

source-map@^0.7.3:
  version "0.7.3"
  resolved "https://registry.yarnpkg.com/source-map/-/source-map-0.7.3.tgz#5302f8169031735226544092e64981f751750383"
  integrity sha512-CkCj6giN3S+n9qrYiBTX5gystlENnRW5jZeNLHpe6aue+SrHcG5VYwujhW9s4dY31mEGsxBDrHR6oI69fTXsaQ==

swc@^1.0.11:
  version "1.0.11"
  resolved "https://registry.yarnpkg.com/swc/-/swc-1.0.11.tgz#3603db6d235115b9fc2d1e70aaa48a1034e38754"
  integrity sha512-YbG4eija7g/ajQ0lu4P2WPgKt5zCm743VgKn+buBrXXo1IETftO2r/8VdBPhv8wpTyg3CO+VU1z2wHuL4iohmw==
  dependencies:
    "@swc/cli" "^0.1.26"
    "@swc/core" "^1.2.12"

to-regex-range@^5.0.1:
  version "5.0.1"
  resolved "https://registry.yarnpkg.com/to-regex-range/-/to-regex-range-5.0.1.tgz#1648c44aae7c8d988a326018ed72f5b4dd0392e4"
  integrity sha512-65P7iz6X5yEr1cwcgvQxbbIw7Uk3gOy5dIdtZ4rDveLqhrdJP+Li/Hx6tyK0NEb+2GCyneCMJiGqrADCSNk8sQ==
  dependencies:
    is-number "^7.0.0"

typescript@^4.3.5:
  version "4.3.5"
  resolved "https://registry.yarnpkg.com/typescript/-/typescript-4.3.5.tgz#4d1c37cc16e893973c45a06886b7113234f119f4"
  integrity sha512-DqQgihaQ9cUrskJo9kIyW/+g0Vxsk8cDtZ52a3NGh0YNTfpUSArXSohyUGnvbPazEPLu398C0UxmKSOrPumUzA==
